// !$*UTF8*$!
{
	archiveVersion = 1;
	classes = {
	};
	objectVersion = 56;
	objects = {

/* Begin PBXBuildFile section */
		048F6A492A9513D800670DCB /* HotProspects_Project_16_App.swift in Sources */ = {isa = PBXBuildFile; fileRef = 048F6A482A9513D800670DCB /* HotProspects_Project_16_App.swift */; };
		048F6A4B2A9513D800670DCB /* ContentView.swift in Sources */ = {isa = PBXBuildFile; fileRef = 048F6A4A2A9513D800670DCB /* ContentView.swift */; };
		048F6A4D2A9513DA00670DCB /* Assets.xcassets in Resources */ = {isa = PBXBuildFile; fileRef = 048F6A4C2A9513DA00670DCB /* Assets.xcassets */; };
		048F6A502A9513DA00670DCB /* Preview Assets.xcassets in Resources */ = {isa = PBXBuildFile; fileRef = 048F6A4F2A9513DA00670DCB /* Preview Assets.xcassets */; };
		048F6A592A9A257100670DCB /* ProspectView.swift in Sources */ = {isa = PBXBuildFile; fileRef = 048F6A582A9A257100670DCB /* ProspectView.swift */; };
		048F6A5B2A9A257D00670DCB /* MeView.swift in Sources */ = {isa = PBXBuildFile; fileRef = 048F6A5A2A9A257D00670DCB /* MeView.swift */; };
		048F6A5F2A9A2BBC00670DCB /* Prospect.swift in Sources */ = {isa = PBXBuildFile; fileRef = 048F6A5E2A9A2BBC00670DCB /* Prospect.swift */; };
		048F6A622A9B496000670DCB /* CodeScanner in Frameworks */ = {isa = PBXBuildFile; productRef = 048F6A612A9B496000670DCB /* CodeScanner */; };
		048F6A642A9B5F9000670DCB /* ImageSaver.swift in Sources */ = {isa = PBXBuildFile; fileRef = 048F6A632A9B5F9000670DCB /* ImageSaver.swift */; };
		04B24F022B67BE72005477F2 /* FileManager-DocumentsDirectory.swift in Sources */ = {isa = PBXBuildFile; fileRef = 04B24F012B67BE72005477F2 /* FileManager-DocumentsDirectory.swift */; };
/* End PBXBuildFile section */

/* Begin PBXFileReference section */
		048F6A452A9513D800670DCB /* HotProspects(Project 16).app */ = {isa = PBXFileReference; explicitFileType = wrapper.application; includeInIndex = 0; path = "HotProspects(Project 16).app"; sourceTree = BUILT_PRODUCTS_DIR; };
		048F6A482A9513D800670DCB /* HotProspects_Project_16_App.swift */ = {isa = PBXFileReference; lastKnownFileType = sourcecode.swift; path = HotProspects_Project_16_App.swift; sourceTree = "<group>"; };
		048F6A4A2A9513D800670DCB /* ContentView.swift */ = {isa = PBXFileReference; lastKnownFileType = sourcecode.swift; path = ContentView.swift; sourceTree = "<group>"; };
		048F6A4C2A9513DA00670DCB /* Assets.xcassets */ = {isa = PBXFileReference; lastKnownFileType = folder.assetcatalog; path = Assets.xcassets; sourceTree = "<group>"; };
		048F6A4F2A9513DA00670DCB /* Preview Assets.xcassets */ = {isa = PBXFileReference; lastKnownFileType = folder.assetcatalog; path = "Preview Assets.xcassets"; sourceTree = "<group>"; };
		048F6A582A9A257100670DCB /* ProspectView.swift */ = {isa = PBXFileReference; lastKnownFileType = sourcecode.swift; path = ProspectView.swift; sourceTree = "<group>"; };
		048F6A5A2A9A257D00670DCB /* MeView.swift */ = {isa = PBXFileReference; lastKnownFileType = sourcecode.swift; path = MeView.swift; sourceTree = "<group>"; };
		048F6A5E2A9A2BBC00670DCB /* Prospect.swift */ = {isa = PBXFileReference; lastKnownFileType = sourcecode.swift; path = Prospect.swift; sourceTree = "<group>"; };
		048F6A632A9B5F9000670DCB /* ImageSaver.swift */ = {isa = PBXFileReference; fileEncoding = 4; lastKnownFileType = sourcecode.swift; path = ImageSaver.swift; sourceTree = "<group>"; };
		04B24F012B67BE72005477F2 /* FileManager-DocumentsDirectory.swift */ = {isa = PBXFileReference; lastKnownFileType = sourcecode.swift; path = "FileManager-DocumentsDirectory.swift"; sourceTree = "<group>"; };
/* End PBXFileReference section */

/* Begin PBXFrameworksBuildPhase section */
		048F6A422A9513D800670DCB /* Frameworks */ = {
			isa = PBXFrameworksBuildPhase;
			buildActionMask = 2147483647;
			files = (
				048F6A622A9B496000670DCB /* CodeScanner in Frameworks */,
			);
			runOnlyForDeploymentPostprocessing = 0;
		};
/* End PBXFrameworksBuildPhase section */

/* Begin PBXGroup section */
		048F6A3C2A9513D800670DCB = {
			isa = PBXGroup;
			children = (
				048F6A472A9513D800670DCB /* HotProspects(Project 16) */,
				048F6A462A9513D800670DCB /* Products */,
			);
			sourceTree = "<group>";
		};
		048F6A462A9513D800670DCB /* Products */ = {
			isa = PBXGroup;
			children = (
				048F6A452A9513D800670DCB /* HotProspects(Project 16).app */,
			);
			name = Products;
			sourceTree = "<group>";
		};
		048F6A472A9513D800670DCB /* HotProspects(Project 16) */ = {
			isa = PBXGroup;
			children = (
				048F6A482A9513D800670DCB /* HotProspects_Project_16_App.swift */,
				048F6A4A2A9513D800670DCB /* ContentView.swift */,
				048F6A582A9A257100670DCB /* ProspectView.swift */,
				048F6A5E2A9A2BBC00670DCB /* Prospect.swift */,
				048F6A5A2A9A257D00670DCB /* MeView.swift */,
				048F6A632A9B5F9000670DCB /* ImageSaver.swift */,
				04B24F012B67BE72005477F2 /* FileManager-DocumentsDirectory.swift */,
				048F6A4C2A9513DA00670DCB /* Assets.xcassets */,
				048F6A4E2A9513DA00670DCB /* Preview Content */,
			);
			path = "HotProspects(Project 16)";
			sourceTree = "<group>";
		};
		048F6A4E2A9513DA00670DCB /* Preview Content */ = {
			isa = PBXGroup;
			children = (
				048F6A4F2A9513DA00670DCB /* Preview Assets.xcassets */,
			);
			path = "Preview Content";
			sourceTree = "<group>";
		};
/* End PBXGroup section */

/* Begin PBXNativeTarget section */
		048F6A442A9513D800670DCB /* HotProspects(Project 16) */ = {
			isa = PBXNativeTarget;
			buildConfigurationList = 048F6A532A9513DA00670DCB /* Build configuration list for PBXNativeTarget "HotProspects(Project 16)" */;
			buildPhases = (
				048F6A412A9513D800670DCB /* Sources */,
				048F6A422A9513D800670DCB /* Frameworks */,
				048F6A432A9513D800670DCB /* Resources */,
			);
			buildRules = (
			);
			dependencies = (
			);
			name = "HotProspects(Project 16)";
			packageProductDependencies = (
				048F6A612A9B496000670DCB /* CodeScanner */,
			);
			productName = "HotProspects(Project 16)";
			productReference = 048F6A452A9513D800670DCB /* HotProspects(Project 16).app */;
			productType = "com.apple.product-type.application";
		};
/* End PBXNativeTarget section */

/* Begin PBXProject section */
		048F6A3D2A9513D800670DCB /* Project object */ = {
			isa = PBXProject;
			attributes = {
				BuildIndependentTargetsInParallel = 1;
				LastSwiftUpdateCheck = 1430;
				LastUpgradeCheck = 1430;
				TargetAttributes = {
					048F6A442A9513D800670DCB = {
						CreatedOnToolsVersion = 14.3.1;
					};
				};
			};
			buildConfigurationList = 048F6A402A9513D800670DCB /* Build configuration list for PBXProject "HotProspects(Project 16)" */;
			compatibilityVersion = "Xcode 14.0";
			developmentRegion = en;
			hasScannedForEncodings = 0;
			knownRegions = (
				en,
				Base,
			);
			mainGroup = 048F6A3C2A9513D800670DCB;
			packageReferences = (
				048F6A602A9B496000670DCB /* XCRemoteSwiftPackageReference "CodeScanner" */,
			);
			productRefGroup = 048F6A462A9513D800670DCB /* Products */;
			projectDirPath = "";
			projectRoot = "";
			targets = (
				048F6A442A9513D800670DCB /* HotProspects(Project 16) */,
			);
		};
/* End PBXProject section */

/* Begin PBXResourcesBuildPhase section */
		048F6A432A9513D800670DCB /* Resources */ = {
			isa = PBXResourcesBuildPhase;
			buildActionMask = 2147483647;
			files = (
				048F6A502A9513DA00670DCB /* Preview Assets.xcassets in Resources */,
				048F6A4D2A9513DA00670DCB /* Assets.xcassets in Resources */,
			);
			runOnlyForDeploymentPostprocessing = 0;
		};
/* End PBXResourcesBuildPhase section */

/* Begin PBXSourcesBuildPhase section */
		048F6A412A9513D800670DCB /* Sources */ = {
			isa = PBXSourcesBuildPhase;
			buildActionMask = 2147483647;
			files = (
				048F6A5B2A9A257D00670DCB /* MeView.swift in Sources */,
				04B24F022B67BE72005477F2 /* FileManager-DocumentsDirectory.swift in Sources */,
				048F6A642A9B5F9000670DCB /* ImageSaver.swift in Sources */,
				048F6A5F2A9A2BBC00670DCB /* Prospect.swift in Sources */,
				048F6A592A9A257100670DCB /* ProspectView.swift in Sources */,
				048F6A4B2A9513D800670DCB /* ContentView.swift in Sources */,
				048F6A492A9513D800670DCB /* HotProspects_Project_16_App.swift in Sources */,
			);
			runOnlyForDeploymentPostprocessing = 0;
		};
/* End PBXSourcesBuildPhase section */

/* Begin XCBuildConfiguration section */
		048F6A512A9513DA00670DCB /* Debug */ = {
			isa = XCBuildConfiguration;
			buildSettings = {
				ALWAYS_SEARCH_USER_PATHS = NO;
				CLANG_ANALYZER_NONNULL = YES;
				CLANG_ANALYZER_NUMBER_OBJECT_CONVERSION = YES_AGGRESSIVE;
				CLANG_CXX_LANGUAGE_STANDARD = "gnu++20";
				CLANG_ENABLE_MODULES = YES;
				CLANG_ENABLE_OBJC_ARC = YES;
				CLANG_ENABLE_OBJC_WEAK = YES;
				CLANG_WARN_BLOCK_CAPTURE_AUTORELEASING = YES;
				CLANG_WARN_BOOL_CONVERSION = YES;
				CLANG_WARN_COMMA = YES;
				CLANG_WARN_CONSTANT_CONVERSION = YES;
				CLANG_WARN_DEPRECATED_OBJC_IMPLEMENTATIONS = YES;
				CLANG_WARN_DIRECT_OBJC_ISA_USAGE = YES_ERROR;
				CLANG_WARN_DOCUMENTATION_COMMENTS = YES;
				CLANG_WARN_EMPTY_BODY = YES;
				CLANG_WARN_ENUM_CONVERSION = YES;
				CLANG_WARN_INFINITE_RECURSION = YES;
				CLANG_WARN_INT_CONVERSION = YES;
				CLANG_WARN_NON_LITERAL_NULL_CONVERSION = YES;
				CLANG_WARN_OBJC_IMPLICIT_RETAIN_SELF = YES;
				CLANG_WARN_OBJC_LITERAL_CONVERSION = YES;
				CLANG_WARN_OBJC_ROOT_CLASS = YES_ERROR;
				CLANG_WARN_QUOTED_INCLUDE_IN_FRAMEWORK_HEADER = YES;
				CLANG_WARN_RANGE_LOOP_ANALYSIS = YES;
				CLANG_WARN_STRICT_PROTOTYPES = YES;
				CLANG_WARN_SUSPICIOUS_MOVE = YES;
				CLANG_WARN_UNGUARDED_AVAILABILITY = YES_AGGRESSIVE;
				CLANG_WARN_UNREACHABLE_CODE = YES;
				CLANG_WARN__DUPLICATE_METHOD_MATCH = YES;
				COPY_PHASE_STRIP = NO;
				DEBUG_INFORMATION_FORMAT = dwarf;
				ENABLE_STRICT_OBJC_MSGSEND = YES;
				ENABLE_TESTABILITY = YES;
				GCC_C_LANGUAGE_STANDARD = gnu11;
				GCC_DYNAMIC_NO_PIC = NO;
				GCC_NO_COMMON_BLOCKS = YES;
				GCC_OPTIMIZATION_LEVEL = 0;
				GCC_PREPROCESSOR_DEFINITIONS = (
					"DEBUG=1",
					"$(inherited)",
				);
				GCC_WARN_64_TO_32_BIT_CONVERSION = YES;
				GCC_WARN_ABOUT_RETURN_TYPE = YES_ERROR;
				GCC_WARN_UNDECLARED_SELECTOR = YES;
				GCC_WARN_UNINITIALIZED_AUTOS = YES_AGGRESSIVE;
				GCC_WARN_UNUSED_FUNCTION = YES;
				GCC_WARN_UNUSED_VARIABLE = YES;
				IPHONEOS_DEPLOYMENT_TARGET = 16.4;
				MTL_ENABLE_DEBUG_INFO = INCLUDE_SOURCE;
				MTL_FAST_MATH = YES;
				ONLY_ACTIVE_ARCH = YES;
				SDKROOT = iphoneos;
				SWIFT_ACTIVE_COMPILATION_CONDITIONS = DEBUG;
				SWIFT_OPTIMIZATION_LEVEL = "-Onone";
			};
			name = Debug;
		};
		048F6A522A9513DA00670DCB /* Release */ = {
			isa = XCBuildConfiguration;
			buildSettings = {
				ALWAYS_SEARCH_USER_PATHS = NO;
				CLANG_ANALYZER_NONNULL = YES;
				CLANG_ANALYZER_NUMBER_OBJECT_CONVERSION = YES_AGGRESSIVE;
				CLANG_CXX_LANGUAGE_STANDARD = "gnu++20";
				CLANG_ENABLE_MODULES = YES;
				CLANG_ENABLE_OBJC_ARC = YES;
				CLANG_ENABLE_OBJC_WEAK = YES;
				CLANG_WARN_BLOCK_CAPTURE_AUTORELEASING = YES;
				CLANG_WARN_BOOL_CONVERSION = YES;
				CLANG_WARN_COMMA = YES;
				CLANG_WARN_CONSTANT_CONVERSION = YES;
				CLANG_WARN_DEPRECATED_OBJC_IMPLEMENTATIONS = YES;
				CLANG_WARN_DIRECT_OBJC_ISA_USAGE = YES_ERROR;
				CLANG_WARN_DOCUMENTATION_COMMENTS = YES;
				CLANG_WARN_EMPTY_BODY = YES;
				CLANG_WARN_ENUM_CONVERSION = YES;
				CLANG_WARN_INFINITE_RECURSION = YES;
				CLANG_WARN_INT_CONVERSION = YES;
				CLANG_WARN_NON_LITERAL_NULL_CONVERSION = YES;
				CLANG_WARN_OBJC_IMPLICIT_RETAIN_SELF = YES;
				CLANG_WARN_OBJC_LITERAL_CONVERSION = YES;
				CLANG_WARN_OBJC_ROOT_CLASS = YES_ERROR;
				CLANG_WARN_QUOTED_INCLUDE_IN_FRAMEWORK_HEADER = YES;
				CLANG_WARN_RANGE_LOOP_ANALYSIS = YES;
				CLANG_WARN_STRICT_PROTOTYPES = YES;
				CLANG_WARN_SUSPICIOUS_MOVE = YES;
				CLANG_WARN_UNGUARDED_AVAILABILITY = YES_AGGRESSIVE;
				CLANG_WARN_UNREACHABLE_CODE = YES;
				CLANG_WARN__DUPLICATE_METHOD_MATCH = YES;
				COPY_PHASE_STRIP = NO;
				DEBUG_INFORMATION_FORMAT = "dwarf-with-dsym";
				ENABLE_NS_ASSERTIONS = NO;
				ENABLE_STRICT_OBJC_MSGSEND = YES;
				GCC_C_LANGUAGE_STANDARD = gnu11;
				GCC_NO_COMMON_BLOCKS = YES;
				GCC_WARN_64_TO_32_BIT_CONVERSION = YES;
				GCC_WARN_ABOUT_RETURN_TYPE = YES_ERROR;
				GCC_WARN_UNDECLARED_SELECTOR = YES;
				GCC_WARN_UNINITIALIZED_AUTOS = YES_AGGRESSIVE;
				GCC_WARN_UNUSED_FUNCTION = YES;
				GCC_WARN_UNUSED_VARIABLE = YES;
				IPHONEOS_DEPLOYMENT_TARGET = 16.4;
				MTL_ENABLE_DEBUG_INFO = NO;
				MTL_FAST_MATH = YES;
				SDKROOT = iphoneos;
				SWIFT_COMPILATION_MODE = wholemodule;
				SWIFT_OPTIMIZATION_LEVEL = "-O";
				VALIDATE_PRODUCT = YES;
			};
			name = Release;
		};
		048F6A542A9513DA00670DCB /* Debug */ = {
			isa = XCBuildConfiguration;
			buildSettings = {
				ASSETCATALOG_COMPILER_APPICON_NAME = AppIcon;
				ASSETCATALOG_COMPILER_GLOBAL_ACCENT_COLOR_NAME = AccentColor;
				CODE_SIGN_STYLE = Automatic;
				CURRENT_PROJECT_VERSION = 1;
				DEVELOPMENT_ASSET_PATHS = "\"HotProspects(Project 16)/Preview Content\"";
				DEVELOPMENT_TEAM = ZCP67L68HX;
				ENABLE_PREVIEWS = YES;
				GENERATE_INFOPLIST_FILE = YES;
				INFOPLIST_KEY_NSCameraUsageDescription = "We need to scan QR codes.";
				INFOPLIST_KEY_NSPhotoLibraryAddUsageDescription = "We need to save QRCode";
				INFOPLIST_KEY_UIApplicationSceneManifest_Generation = YES;
				INFOPLIST_KEY_UIApplicationSupportsIndirectInputEvents = YES;
				INFOPLIST_KEY_UILaunchScreen_Generation = YES;
				INFOPLIST_KEY_UISupportedInterfaceOrientations_iPad = "UIInterfaceOrientationPortrait UIInterfaceOrientationPortraitUpsideDown UIInterfaceOrientationLandscapeLeft UIInterfaceOrientationLandscapeRight";
				INFOPLIST_KEY_UISupportedInterfaceOrientations_iPhone = "UIInterfaceOrientationPortrait UIInterfaceOrientationLandscapeLeft UIInterfaceOrientationLandscapeRight";
				LD_RUNPATH_SEARCH_PATHS = (
					"$(inherited)",
					"@executable_path/Frameworks",
				);
				MARKETING_VERSION = 1.0;
				PRODUCT_BUNDLE_IDENTIFIER = "ua.hfh.HotProspects-Project-16-";
				PRODUCT_NAME = "$(TARGET_NAME)";
				SWIFT_EMIT_LOC_STRINGS = YES;
				SWIFT_VERSION = 5.0;
				TARGETED_DEVICE_FAMILY = "1,2";
			};
			name = Debug;
		};
		048F6A552A9513DA00670DCB /* Release */ = {
			isa = XCBuildConfiguration;
			buildSettings = {
				ASSETCATALOG_COMPILER_APPICON_NAME = AppIcon;
				ASSETCATALOG_COMPILER_GLOBAL_ACCENT_COLOR_NAME = AccentColor;
				CODE_SIGN_STYLE = Automatic;
				CURRENT_PROJECT_VERSION = 1;
				DEVELOPMENT_ASSET_PATHS = "\"HotProspects(Project 16)/Preview Content\"";
				DEVELOPMENT_TEAM = ZCP67L68HX;
				ENABLE_PREVIEWS = YES;
				GENERATE_INFOPLIST_FILE = YES;
				INFOPLIST_KEY_NSCameraUsageDescription = "We need to scan QR codes.";
				INFOPLIST_KEY_NSPhotoLibraryAddUsageDescription = "We need to save QRCode";
				INFOPLIST_KEY_UIApplicationSceneManifest_Generation = YES;
				INFOPLIST_KEY_UIApplicationSupportsIndirectInputEvents = YES;
				INFOPLIST_KEY_UILaunchScreen_Generation = YES;
				INFOPLIST_KEY_UISupportedInterfaceOrientations_iPad = "UIInterfaceOrientationPortrait UIInterfaceOrientationPortraitUpsideDown UIInterfaceOrientationLandscapeLeft UIInterfaceOrientationLandscapeRight";
				INFOPLIST_KEY_UISupportedInterfaceOrientations_iPhone = "UIInterfaceOrientationPortrait UIInterfaceOrientationLandscapeLeft UIInterfaceOrientationLandscapeRight";
				LD_RUNPATH_SEARCH_PATHS = (
					"$(inherited)",
					"@executable_path/Frameworks",
				);
				MARKETING_VERSION = 1.0;
				PRODUCT_BUNDLE_IDENTIFIER = "ua.hfh.HotProspects-Project-16-";
				PRODUCT_NAME = "$(TARGET_NAME)";
				SWIFT_EMIT_LOC_STRINGS = YES;
				SWIFT_VERSION = 5.0;
				TARGETED_DEVICE_FAMILY = "1,2";
			};
			name = Release;
		};
/* End XCBuildConfiguration section */

/* Begin XCConfigurationList section */
		048F6A402A9513D800670DCB /* Build configuration list for PBXProject "HotProspects(Project 16)" */ = {
			isa = XCConfigurationList;
			buildConfigurations = (
				048F6A512A9513DA00670DCB /* Debug */,
				048F6A522A9513DA00670DCB /* Release */,
			);
			defaultConfigurationIsVisible = 0;
			defaultConfigurationName = Release;
		};
		048F6A532A9513DA00670DCB /* Build configuration list for PBXNativeTarget "HotProspects(Project 16)" */ = {
			isa = XCConfigurationList;
			buildConfigurations = (
				048F6A542A9513DA00670DCB /* Debug */,
				048F6A552A9513DA00670DCB /* Release */,
			);
			defaultConfigurationIsVisible = 0;
			defaultConfigurationName = Release;
		};
/* End XCConfigurationList section */

/* Begin XCRemoteSwiftPackageReference section */
		048F6A602A9B496000670DCB /* XCRemoteSwiftPackageReference "CodeScanner" */ = {
			isa = XCRemoteSwiftPackageReference;
			repositoryURL = "https://github.com/twostraws/CodeScanner";
			requirement = {
				kind = upToNextMajorVersion;
				minimumVersion = 2.0.0;
			};
		};
/* End XCRemoteSwiftPackageReference section */

/* Begin XCSwiftPackageProductDependency section */
		048F6A612A9B496000670DCB /* CodeScanner */ = {
			isa = XCSwiftPackageProductDependency;
			package = 048F6A602A9B496000670DCB /* XCRemoteSwiftPackageReference "CodeScanner" */;
			productName = CodeScanner;
		};
/* End XCSwiftPackageProductDependency section */
	};
	rootObject = 048F6A3D2A9513D800670DCB /* Project object */;
}
